
Microsoft Visual Studio Solution File, Format Version 12.00
# Visual Studio Version 17
VisualStudioVersion = 17.9.34728.123
MinimumVisualStudioVersion = 10.0.40219.1
Project("{FAE04EC0-301F-11D3-BF4B-00C04F79EFBC}") = "01-VstupAVystupDat", "01-VstupAVystupDat.csproj", "{BE0A8CE9-EF7B-4F6E-AD89-5BE90D2BF74D}"
EndProject
Project("{FAE04EC0-301F-11D3-BF4B-00C04F79EFBC}") = "01-VstupAVystupDatATypovySystem", "..\01-VstupAVystupDatATypovySystem\01-VstupAVystupDatATypovySystem.csproj", "{2117AD04-F745-4D0B-9EC7-5A37B44EE7DD}"
EndProject
Global
	GlobalSection(SolutionConfigurationPlatforms) = preSolution
		Debug|Any CPU = Debug|Any CPU
		Release|Any CPU = Release|Any CPU
	EndGlobalSection
	GlobalSection(ProjectConfigurationPlatforms) = postSolution
		{BE0A8CE9-EF7B-4F6E-AD89-5BE90D2BF74D}.Debug|Any CPU.ActiveCfg = Debug|Any CPU
		{BE0A8CE9-EF7B-4F6E-AD89-5BE90D2BF74D}.Debug|Any CPU.Build.0 = Debug|Any CPU
		{BE0A8CE9-EF7B-4F6E-AD89-5BE90D2BF74D}.Release|Any CPU.ActiveCfg = Release|Any CPU
		{BE0A8CE9-EF7B-4F6E-AD89-5BE90D2BF74D}.Release|Any CPU.Build.0 = Release|Any CPU
		{2117AD04-F745-4D0B-9EC7-5A37B44EE7DD}.Debug|Any CPU.ActiveCfg = Debug|Any CPU
		{2117AD04-F745-4D0B-9EC7-5A37B44EE7DD}.Debug|Any CPU.Build.0 = Debug|Any CPU
		{2117AD04-F745-4D0B-9EC7-5A37B44EE7DD}.Release|Any CPU.ActiveCfg = Release|Any CPU
		{2117AD04-F745-4D0B-9EC7-5A37B44EE7DD}.Release|Any CPU.Build.0 = Release|Any CPU
	EndGlobalSection
	GlobalSection(SolutionProperties) = preSolution
		HideSolutionNode = FALSE
	EndGlobalSection
	GlobalSection(ExtensibilityGlobals) = postSolution
		SolutionGuid = {9A34943B-9E36-4FD9-AE4F-BF73609D5BBE}
	EndGlobalSection
EndGlobal
