
Microsoft Visual Studio Solution File, Format Version 12.00
# Visual Studio Version 17
VisualStudioVersion = 17.9.34728.123
MinimumVisualStudioVersion = 10.0.40219.1
Project("{FAE04EC0-301F-11D3-BF4B-00C04F79EFBC}") = "Ukol03_Nadrz", "Ukol03_Nadrz.csproj", "{92E4C340-6A0F-4707-AF52-E7C026FBDB7E}"
EndProject
Global
	GlobalSection(SolutionConfigurationPlatforms) = preSolution
		Debug|Any CPU = Debug|Any CPU
		Release|Any CPU = Release|Any CPU
	EndGlobalSection
	GlobalSection(ProjectConfigurationPlatforms) = postSolution
		{92E4C340-6A0F-4707-AF52-E7C026FBDB7E}.Debug|Any CPU.ActiveCfg = Debug|Any CPU
		{92E4C340-6A0F-4707-AF52-E7C026FBDB7E}.Debug|Any CPU.Build.0 = Debug|Any CPU
		{92E4C340-6A0F-4707-AF52-E7C026FBDB7E}.Release|Any CPU.ActiveCfg = Release|Any CPU
		{92E4C340-6A0F-4707-AF52-E7C026FBDB7E}.Release|Any CPU.Build.0 = Release|Any CPU
	EndGlobalSection
	GlobalSection(SolutionProperties) = preSolution
		HideSolutionNode = FALSE
	EndGlobalSection
	GlobalSection(ExtensibilityGlobals) = postSolution
		SolutionGuid = {01DBA2A5-E038-45A2-B6E2-375BE98A7FB4}
	EndGlobalSection
EndGlobal
