
Microsoft Visual Studio Solution File, Format Version 12.00
# Visual Studio Version 17
VisualStudioVersion = 17.9.34728.123
MinimumVisualStudioVersion = 10.0.40219.1
Project("{FAE04EC0-301F-11D3-BF4B-00C04F79EFBC}") = "TxEditor", "TxEditor.csproj", "{D9A878A9-FB69-4A7E-8E32-62ED69B2FA54}"
EndProject
Global
	GlobalSection(SolutionConfigurationPlatforms) = preSolution
		Debug|Any CPU = Debug|Any CPU
		Release|Any CPU = Release|Any CPU
	EndGlobalSection
	GlobalSection(ProjectConfigurationPlatforms) = postSolution
		{D9A878A9-FB69-4A7E-8E32-62ED69B2FA54}.Debug|Any CPU.ActiveCfg = Debug|Any CPU
		{D9A878A9-FB69-4A7E-8E32-62ED69B2FA54}.Debug|Any CPU.Build.0 = Debug|Any CPU
		{D9A878A9-FB69-4A7E-8E32-62ED69B2FA54}.Release|Any CPU.ActiveCfg = Release|Any CPU
		{D9A878A9-FB69-4A7E-8E32-62ED69B2FA54}.Release|Any CPU.Build.0 = Release|Any CPU
	EndGlobalSection
	GlobalSection(SolutionProperties) = preSolution
		HideSolutionNode = FALSE
	EndGlobalSection
	GlobalSection(ExtensibilityGlobals) = postSolution
		SolutionGuid = {05B69975-42FD-421A-A3B3-91E62B10CFD6}
	EndGlobalSection
EndGlobal
